
Microsoft Visual Studio Solution File, Format Version 12.00
# Visual Studio 15
VisualStudioVersion = 15.0.27703.2042
MinimumVisualStudioVersion = 10.0.40219.1
Project("{8BC9CEB8-8B4A-11D0-8D11-00A0C91BC942}") = "FFDL_MFAC", "FFDL_MFAC\FFDL_MFAC.vcxproj", "{F631E65F-02A9-4D01-BCBD-A4B910FF6B32}"
EndProject
Global
	GlobalSection(SolutionConfigurationPlatforms) = preSolution
		Debug|x64 = Debug|x64
		Debug|x86 = Debug|x86
		Release|x64 = Release|x64
		Release|x86 = Release|x86
	EndGlobalSection
	GlobalSection(ProjectConfigurationPlatforms) = postSolution
		{F631E65F-02A9-4D01-BCBD-A4B910FF6B32}.Debug|x64.ActiveCfg = Debug|x64
		{F631E65F-02A9-4D01-BCBD-A4B910FF6B32}.Debug|x64.Build.0 = Debug|x64
		{F631E65F-02A9-4D01-BCBD-A4B910FF6B32}.Debug|x86.ActiveCfg = Debug|Win32
		{F631E65F-02A9-4D01-BCBD-A4B910FF6B32}.Debug|x86.Build.0 = Debug|Win32
		{F631E65F-02A9-4D01-BCBD-A4B910FF6B32}.Release|x64.ActiveCfg = Release|x64
		{F631E65F-02A9-4D01-BCBD-A4B910FF6B32}.Release|x64.Build.0 = Release|x64
		{F631E65F-02A9-4D01-BCBD-A4B910FF6B32}.Release|x86.ActiveCfg = Release|Win32
		{F631E65F-02A9-4D01-BCBD-A4B910FF6B32}.Release|x86.Build.0 = Release|Win32
	EndGlobalSection
	GlobalSection(SolutionProperties) = preSolution
		HideSolutionNode = FALSE
	EndGlobalSection
	GlobalSection(ExtensibilityGlobals) = postSolution
		SolutionGuid = {41C8879C-6D81-49B7-A7E5-DA28C2BD45A2}
	EndGlobalSection
EndGlobal
